// !$*UTF8*$!
{
	archiveVersion = 1;
	classes = {
	};
	objectVersion = 56;
	objects = {

/* Begin PBXBuildFile section */
		073F77812A3C9FED002E5078 /* StoryBookContainer.xcdatamodeld in Sources */ = {isa = PBXBuildFile; fileRef = 073F777F2A3C9FED002E5078 /* StoryBookContainer.xcdatamodeld */; };
		073F77842A3CA04C002E5078 /* SavedStoryBookViewModel.swift in Sources */ = {isa = PBXBuildFile; fileRef = 073F77832A3CA04C002E5078 /* SavedStoryBookViewModel.swift */; };
		0748153E2A38089700DF6A85 /* VillainVanquisherApp.swift in Sources */ = {isa = PBXBuildFile; fileRef = 0748153D2A38089700DF6A85 /* VillainVanquisherApp.swift */; };
		074815422A38089900DF6A85 /* Assets.xcassets in Resources */ = {isa = PBXBuildFile; fileRef = 074815412A38089900DF6A85 /* Assets.xcassets */; };
		074815452A38089900DF6A85 /* Preview Assets.xcassets in Resources */ = {isa = PBXBuildFile; fileRef = 074815442A38089900DF6A85 /* Preview Assets.xcassets */; };
		074815512A389ED700DF6A85 /* StoryBook.swift in Sources */ = {isa = PBXBuildFile; fileRef = 074815502A389ED700DF6A85 /* StoryBook.swift */; };
		074815552A38A0B200DF6A85 /* StoryBookStorageView.swift in Sources */ = {isa = PBXBuildFile; fileRef = 074815542A38A0B200DF6A85 /* StoryBookStorageView.swift */; };
		0748155A2A38A24100DF6A85 /* Constants.swift in Sources */ = {isa = PBXBuildFile; fileRef = 074815592A38A24100DF6A85 /* Constants.swift */; };
		0776A8A82A38B19200CF121E /* StoryBookView.swift in Sources */ = {isa = PBXBuildFile; fileRef = 0776A8A72A38B19200CF121E /* StoryBookView.swift */; };
		0776A8AA2A38B8F000CF121E /* Color+.swift in Sources */ = {isa = PBXBuildFile; fileRef = 0776A8A92A38B8F000CF121E /* Color+.swift */; };
/* End PBXBuildFile section */

/* Begin PBXFileReference section */
		073F77802A3C9FED002E5078 /* StoryContainer.xcdatamodel */ = {isa = PBXFileReference; lastKnownFileType = wrapper.xcdatamodel; path = StoryContainer.xcdatamodel; sourceTree = "<group>"; };
		073F77832A3CA04C002E5078 /* SavedStoryBookViewModel.swift */ = {isa = PBXFileReference; lastKnownFileType = sourcecode.swift; path = SavedStoryBookViewModel.swift; sourceTree = "<group>"; };
		0748153A2A38089700DF6A85 /* VillainVanquisher.app */ = {isa = PBXFileReference; explicitFileType = wrapper.application; includeInIndex = 0; path = VillainVanquisher.app; sourceTree = BUILT_PRODUCTS_DIR; };
		0748153D2A38089700DF6A85 /* VillainVanquisherApp.swift */ = {isa = PBXFileReference; lastKnownFileType = sourcecode.swift; path = VillainVanquisherApp.swift; sourceTree = "<group>"; };
		074815412A38089900DF6A85 /* Assets.xcassets */ = {isa = PBXFileReference; lastKnownFileType = folder.assetcatalog; path = Assets.xcassets; sourceTree = "<group>"; };
		074815442A38089900DF6A85 /* Preview Assets.xcassets */ = {isa = PBXFileReference; lastKnownFileType = folder.assetcatalog; path = "Preview Assets.xcassets"; sourceTree = "<group>"; };
		074815502A389ED700DF6A85 /* StoryBook.swift */ = {isa = PBXFileReference; lastKnownFileType = sourcecode.swift; path = StoryBook.swift; sourceTree = "<group>"; };
		074815542A38A0B200DF6A85 /* StoryBookStorageView.swift */ = {isa = PBXFileReference; lastKnownFileType = sourcecode.swift; path = StoryBookStorageView.swift; sourceTree = "<group>"; };
		074815592A38A24100DF6A85 /* Constants.swift */ = {isa = PBXFileReference; lastKnownFileType = sourcecode.swift; path = Constants.swift; sourceTree = "<group>"; };
		0776A8A72A38B19200CF121E /* StoryBookView.swift */ = {isa = PBXFileReference; lastKnownFileType = sourcecode.swift; path = StoryBookView.swift; sourceTree = "<group>"; };
		0776A8A92A38B8F000CF121E /* Color+.swift */ = {isa = PBXFileReference; lastKnownFileType = sourcecode.swift; path = "Color+.swift"; sourceTree = "<group>"; };
/* End PBXFileReference section */

/* Begin PBXFrameworksBuildPhase section */
		074815372A38089700DF6A85 /* Frameworks */ = {
			isa = PBXFrameworksBuildPhase;
			buildActionMask = 2147483647;
			files = (
			);
			runOnlyForDeploymentPostprocessing = 0;
		};
/* End PBXFrameworksBuildPhase section */

/* Begin PBXGroup section */
		073F77822A3CA03C002E5078 /* ViewModels */ = {
			isa = PBXGroup;
			children = (
				073F77832A3CA04C002E5078 /* SavedStoryBookViewModel.swift */,
			);
			path = ViewModels;
			sourceTree = "<group>";
		};
		074815312A38089700DF6A85 = {
			isa = PBXGroup;
			children = (
				0748153C2A38089700DF6A85 /* VillainVanquisher */,
				0748153B2A38089700DF6A85 /* Products */,
			);
			sourceTree = "<group>";
		};
		0748153B2A38089700DF6A85 /* Products */ = {
			isa = PBXGroup;
			children = (
				0748153A2A38089700DF6A85 /* VillainVanquisher.app */,
			);
			name = Products;
			sourceTree = "<group>";
		};
		0748153C2A38089700DF6A85 /* VillainVanquisher */ = {
			isa = PBXGroup;
			children = (
				0748153D2A38089700DF6A85 /* VillainVanquisherApp.swift */,
				074815432A38089900DF6A85 /* Preview Content */,
				074815412A38089900DF6A85 /* Assets.xcassets */,
				0748154B2A389D9100DF6A85 /* Resources */,
				0748154F2A389EB700DF6A85 /* Models */,
				073F77822A3CA03C002E5078 /* ViewModels */,
				074815522A389FFE00DF6A85 /* Views */,
			);
			path = VillainVanquisher;
			sourceTree = "<group>";
		};
		074815432A38089900DF6A85 /* Preview Content */ = {
			isa = PBXGroup;
			children = (
				074815442A38089900DF6A85 /* Preview Assets.xcassets */,
			);
			path = "Preview Content";
			sourceTree = "<group>";
		};
		0748154B2A389D9100DF6A85 /* Resources */ = {
			isa = PBXGroup;
			children = (
				074815592A38A24100DF6A85 /* Constants.swift */,
				0776A8A92A38B8F000CF121E /* Color+.swift */,
				073F777F2A3C9FED002E5078 /* StoryBookContainer.xcdatamodeld */,
			);
			path = Resources;
			sourceTree = "<group>";
		};
		0748154F2A389EB700DF6A85 /* Models */ = {
			isa = PBXGroup;
			children = (
				074815502A389ED700DF6A85 /* StoryBook.swift */,
			);
			path = Models;
			sourceTree = "<group>";
		};
		074815522A389FFE00DF6A85 /* Views */ = {
			isa = PBXGroup;
			children = (
				074815532A38A05500DF6A85 /* StoryBookStorage */,
			);
			path = Views;
			sourceTree = "<group>";
		};
		074815532A38A05500DF6A85 /* StoryBookStorage */ = {
			isa = PBXGroup;
			children = (
				074815542A38A0B200DF6A85 /* StoryBookStorageView.swift */,
				0776A8A72A38B19200CF121E /* StoryBookView.swift */,
			);
			path = StoryBookStorage;
			sourceTree = "<group>";
		};
/* End PBXGroup section */

/* Begin PBXNativeTarget section */
		074815392A38089700DF6A85 /* VillainVanquisher */ = {
			isa = PBXNativeTarget;
			buildConfigurationList = 074815482A38089900DF6A85 /* Build configuration list for PBXNativeTarget "VillainVanquisher" */;
			buildPhases = (
				074815362A38089700DF6A85 /* Sources */,
				074815372A38089700DF6A85 /* Frameworks */,
				074815382A38089700DF6A85 /* Resources */,
			);
			buildRules = (
			);
			dependencies = (
			);
			name = VillainVanquisher;
			productName = VillainVanquisher;
			productReference = 0748153A2A38089700DF6A85 /* VillainVanquisher.app */;
			productType = "com.apple.product-type.application";
		};
/* End PBXNativeTarget section */

/* Begin PBXProject section */
		074815322A38089700DF6A85 /* Project object */ = {
			isa = PBXProject;
			attributes = {
				BuildIndependentTargetsInParallel = 1;
				LastSwiftUpdateCheck = 1430;
				LastUpgradeCheck = 1430;
				TargetAttributes = {
					074815392A38089700DF6A85 = {
						CreatedOnToolsVersion = 14.3.1;
					};
				};
			};
			buildConfigurationList = 074815352A38089700DF6A85 /* Build configuration list for PBXProject "VillainVanquisher" */;
			compatibilityVersion = "Xcode 14.0";
			developmentRegion = en;
			hasScannedForEncodings = 0;
			knownRegions = (
				en,
				Base,
			);
			mainGroup = 074815312A38089700DF6A85;
			productRefGroup = 0748153B2A38089700DF6A85 /* Products */;
			projectDirPath = "";
			projectRoot = "";
			targets = (
				074815392A38089700DF6A85 /* VillainVanquisher */,
			);
		};
/* End PBXProject section */

/* Begin PBXResourcesBuildPhase section */
		074815382A38089700DF6A85 /* Resources */ = {
			isa = PBXResourcesBuildPhase;
			buildActionMask = 2147483647;
			files = (
				074815452A38089900DF6A85 /* Preview Assets.xcassets in Resources */,
				074815422A38089900DF6A85 /* Assets.xcassets in Resources */,
			);
			runOnlyForDeploymentPostprocessing = 0;
		};
/* End PBXResourcesBuildPhase section */

/* Begin PBXSourcesBuildPhase section */
		074815362A38089700DF6A85 /* Sources */ = {
			isa = PBXSourcesBuildPhase;
			buildActionMask = 2147483647;
			files = (
				0776A8AA2A38B8F000CF121E /* Color+.swift in Sources */,
				0748155A2A38A24100DF6A85 /* Constants.swift in Sources */,
				073F77842A3CA04C002E5078 /* SavedStoryBookViewModel.swift in Sources */,
				074815552A38A0B200DF6A85 /* StoryBookStorageView.swift in Sources */,
				0776A8A82A38B19200CF121E /* StoryBookView.swift in Sources */,
				0748153E2A38089700DF6A85 /* VillainVanquisherApp.swift in Sources */,
				074815512A389ED700DF6A85 /* StoryBook.swift in Sources */,
				073F77812A3C9FED002E5078 /* StoryBookContainer.xcdatamodeld in Sources */,
			);
			runOnlyForDeploymentPostprocessing = 0;
		};
/* End PBXSourcesBuildPhase section */

/* Begin XCBuildConfiguration section */
		074815462A38089900DF6A85 /* Debug */ = {
			isa = XCBuildConfiguration;
			buildSettings = {
				ALWAYS_SEARCH_USER_PATHS = NO;
				CLANG_ANALYZER_NONNULL = YES;
				CLANG_ANALYZER_NUMBER_OBJECT_CONVERSION = YES_AGGRESSIVE;
				CLANG_CXX_LANGUAGE_STANDARD = "gnu++20";
				CLANG_ENABLE_MODULES = YES;
				CLANG_ENABLE_OBJC_ARC = YES;
				CLANG_ENABLE_OBJC_WEAK = YES;
				CLANG_WARN_BLOCK_CAPTURE_AUTORELEASING = YES;
				CLANG_WARN_BOOL_CONVERSION = YES;
				CLANG_WARN_COMMA = YES;
				CLANG_WARN_CONSTANT_CONVERSION = YES;
				CLANG_WARN_DEPRECATED_OBJC_IMPLEMENTATIONS = YES;
				CLANG_WARN_DIRECT_OBJC_ISA_USAGE = YES_ERROR;
				CLANG_WARN_DOCUMENTATION_COMMENTS = YES;
				CLANG_WARN_EMPTY_BODY = YES;
				CLANG_WARN_ENUM_CONVERSION = YES;
				CLANG_WARN_INFINITE_RECURSION = YES;
				CLANG_WARN_INT_CONVERSION = YES;
				CLANG_WARN_NON_LITERAL_NULL_CONVERSION = YES;
				CLANG_WARN_OBJC_IMPLICIT_RETAIN_SELF = YES;
				CLANG_WARN_OBJC_LITERAL_CONVERSION = YES;
				CLANG_WARN_OBJC_ROOT_CLASS = YES_ERROR;
				CLANG_WARN_QUOTED_INCLUDE_IN_FRAMEWORK_HEADER = YES;
				CLANG_WARN_RANGE_LOOP_ANALYSIS = YES;
				CLANG_WARN_STRICT_PROTOTYPES = YES;
				CLANG_WARN_SUSPICIOUS_MOVE = YES;
				CLANG_WARN_UNGUARDED_AVAILABILITY = YES_AGGRESSIVE;
				CLANG_WARN_UNREACHABLE_CODE = YES;
				CLANG_WARN__DUPLICATE_METHOD_MATCH = YES;
				COPY_PHASE_STRIP = NO;
				DEBUG_INFORMATION_FORMAT = dwarf;
				ENABLE_STRICT_OBJC_MSGSEND = YES;
				ENABLE_TESTABILITY = YES;
				GCC_C_LANGUAGE_STANDARD = gnu11;
				GCC_DYNAMIC_NO_PIC = NO;
				GCC_NO_COMMON_BLOCKS = YES;
				GCC_OPTIMIZATION_LEVEL = 0;
				GCC_PREPROCESSOR_DEFINITIONS = (
					"DEBUG=1",
					"$(inherited)",
				);
				GCC_WARN_64_TO_32_BIT_CONVERSION = YES;
				GCC_WARN_ABOUT_RETURN_TYPE = YES_ERROR;
				GCC_WARN_UNDECLARED_SELECTOR = YES;
				GCC_WARN_UNINITIALIZED_AUTOS = YES_AGGRESSIVE;
				GCC_WARN_UNUSED_FUNCTION = YES;
				GCC_WARN_UNUSED_VARIABLE = YES;
				IPHONEOS_DEPLOYMENT_TARGET = 15.0;
				MTL_ENABLE_DEBUG_INFO = INCLUDE_SOURCE;
				MTL_FAST_MATH = YES;
				ONLY_ACTIVE_ARCH = YES;
				SDKROOT = iphoneos;
				SWIFT_ACTIVE_COMPILATION_CONDITIONS = DEBUG;
				SWIFT_OPTIMIZATION_LEVEL = "-Onone";
			};
			name = Debug;
		};
		074815472A38089900DF6A85 /* Release */ = {
			isa = XCBuildConfiguration;
			buildSettings = {
				ALWAYS_SEARCH_USER_PATHS = NO;
				CLANG_ANALYZER_NONNULL = YES;
				CLANG_ANALYZER_NUMBER_OBJECT_CONVERSION = YES_AGGRESSIVE;
				CLANG_CXX_LANGUAGE_STANDARD = "gnu++20";
				CLANG_ENABLE_MODULES = YES;
				CLANG_ENABLE_OBJC_ARC = YES;
				CLANG_ENABLE_OBJC_WEAK = YES;
				CLANG_WARN_BLOCK_CAPTURE_AUTORELEASING = YES;
				CLANG_WARN_BOOL_CONVERSION = YES;
				CLANG_WARN_COMMA = YES;
				CLANG_WARN_CONSTANT_CONVERSION = YES;
				CLANG_WARN_DEPRECATED_OBJC_IMPLEMENTATIONS = YES;
				CLANG_WARN_DIRECT_OBJC_ISA_USAGE = YES_ERROR;
				CLANG_WARN_DOCUMENTATION_COMMENTS = YES;
				CLANG_WARN_EMPTY_BODY = YES;
				CLANG_WARN_ENUM_CONVERSION = YES;
				CLANG_WARN_INFINITE_RECURSION = YES;
				CLANG_WARN_INT_CONVERSION = YES;
				CLANG_WARN_NON_LITERAL_NULL_CONVERSION = YES;
				CLANG_WARN_OBJC_IMPLICIT_RETAIN_SELF = YES;
				CLANG_WARN_OBJC_LITERAL_CONVERSION = YES;
				CLANG_WARN_OBJC_ROOT_CLASS = YES_ERROR;
				CLANG_WARN_QUOTED_INCLUDE_IN_FRAMEWORK_HEADER = YES;
				CLANG_WARN_RANGE_LOOP_ANALYSIS = YES;
				CLANG_WARN_STRICT_PROTOTYPES = YES;
				CLANG_WARN_SUSPICIOUS_MOVE = YES;
				CLANG_WARN_UNGUARDED_AVAILABILITY = YES_AGGRESSIVE;
				CLANG_WARN_UNREACHABLE_CODE = YES;
				CLANG_WARN__DUPLICATE_METHOD_MATCH = YES;
				COPY_PHASE_STRIP = NO;
				DEBUG_INFORMATION_FORMAT = "dwarf-with-dsym";
				ENABLE_NS_ASSERTIONS = NO;
				ENABLE_STRICT_OBJC_MSGSEND = YES;
				GCC_C_LANGUAGE_STANDARD = gnu11;
				GCC_NO_COMMON_BLOCKS = YES;
				GCC_WARN_64_TO_32_BIT_CONVERSION = YES;
				GCC_WARN_ABOUT_RETURN_TYPE = YES_ERROR;
				GCC_WARN_UNDECLARED_SELECTOR = YES;
				GCC_WARN_UNINITIALIZED_AUTOS = YES_AGGRESSIVE;
				GCC_WARN_UNUSED_FUNCTION = YES;
				GCC_WARN_UNUSED_VARIABLE = YES;
				IPHONEOS_DEPLOYMENT_TARGET = 15.0;
				MTL_ENABLE_DEBUG_INFO = NO;
				MTL_FAST_MATH = YES;
				SDKROOT = iphoneos;
				SWIFT_COMPILATION_MODE = wholemodule;
				SWIFT_OPTIMIZATION_LEVEL = "-O";
				VALIDATE_PRODUCT = YES;
			};
			name = Release;
		};
		074815492A38089900DF6A85 /* Debug */ = {
			isa = XCBuildConfiguration;
			buildSettings = {
				ASSETCATALOG_COMPILER_APPICON_NAME = AppIcon;
				ASSETCATALOG_COMPILER_GLOBAL_ACCENT_COLOR_NAME = AccentColor;
				CODE_SIGN_STYLE = Automatic;
				CURRENT_PROJECT_VERSION = 1;
				DEVELOPMENT_ASSET_PATHS = "\"VillainVanquisher/Preview Content\"";
				DEVELOPMENT_TEAM = PX9ZAGMV5G;
				ENABLE_PREVIEWS = YES;
				GENERATE_INFOPLIST_FILE = YES;
				INFOPLIST_KEY_UIApplicationSceneManifest_Generation = YES;
				INFOPLIST_KEY_UIApplicationSupportsIndirectInputEvents = YES;
				INFOPLIST_KEY_UILaunchScreen_Generation = YES;
				INFOPLIST_KEY_UISupportedInterfaceOrientations = UIInterfaceOrientationPortrait;
				INFOPLIST_KEY_UISupportedInterfaceOrientations_iPad = "UIInterfaceOrientationLandscapeLeft UIInterfaceOrientationLandscapeRight UIInterfaceOrientationPortrait UIInterfaceOrientationPortraitUpsideDown";
				IPHONEOS_DEPLOYMENT_TARGET = 15.0;
				LD_RUNPATH_SEARCH_PATHS = (
					"$(inherited)",
					"@executable_path/Frameworks",
				);
				MARKETING_VERSION = 1.0;
				PRODUCT_BUNDLE_IDENTIFIER = ericLee.VillainVanquisher;
				PRODUCT_NAME = "$(TARGET_NAME)";
				SWIFT_EMIT_LOC_STRINGS = YES;
				SWIFT_VERSION = 5.0;
				TARGETED_DEVICE_FAMILY = "1,2";
			};
			name = Debug;
		};
		0748154A2A38089900DF6A85 /* Release */ = {
			isa = XCBuildConfiguration;
			buildSettings = {
				ASSETCATALOG_COMPILER_APPICON_NAME = AppIcon;
				ASSETCATALOG_COMPILER_GLOBAL_ACCENT_COLOR_NAME = AccentColor;
				CODE_SIGN_STYLE = Automatic;
				CURRENT_PROJECT_VERSION = 1;
				DEVELOPMENT_ASSET_PATHS = "\"VillainVanquisher/Preview Content\"";
				DEVELOPMENT_TEAM = PX9ZAGMV5G;
				ENABLE_PREVIEWS = YES;
				GENERATE_INFOPLIST_FILE = YES;
				INFOPLIST_KEY_UIApplicationSceneManifest_Generation = YES;
				INFOPLIST_KEY_UIApplicationSupportsIndirectInputEvents = YES;
				INFOPLIST_KEY_UILaunchScreen_Generation = YES;
				INFOPLIST_KEY_UISupportedInterfaceOrientations = UIInterfaceOrientationPortrait;
				INFOPLIST_KEY_UISupportedInterfaceOrientations_iPad = "UIInterfaceOrientationLandscapeLeft UIInterfaceOrientationLandscapeRight UIInterfaceOrientationPortrait UIInterfaceOrientationPortraitUpsideDown";
				IPHONEOS_DEPLOYMENT_TARGET = 15.0;
				LD_RUNPATH_SEARCH_PATHS = (
					"$(inherited)",
					"@executable_path/Frameworks",
				);
				MARKETING_VERSION = 1.0;
				PRODUCT_BUNDLE_IDENTIFIER = ericLee.VillainVanquisher;
				PRODUCT_NAME = "$(TARGET_NAME)";
				SWIFT_EMIT_LOC_STRINGS = YES;
				SWIFT_VERSION = 5.0;
				TARGETED_DEVICE_FAMILY = "1,2";
			};
			name = Release;
		};
/* End XCBuildConfiguration section */

/* Begin XCConfigurationList section */
		074815352A38089700DF6A85 /* Build configuration list for PBXProject "VillainVanquisher" */ = {
			isa = XCConfigurationList;
			buildConfigurations = (
				074815462A38089900DF6A85 /* Debug */,
				074815472A38089900DF6A85 /* Release */,
			);
			defaultConfigurationIsVisible = 0;
			defaultConfigurationName = Release;
		};
		074815482A38089900DF6A85 /* Build configuration list for PBXNativeTarget "VillainVanquisher" */ = {
			isa = XCConfigurationList;
			buildConfigurations = (
				074815492A38089900DF6A85 /* Debug */,
				0748154A2A38089900DF6A85 /* Release */,
			);
			defaultConfigurationIsVisible = 0;
			defaultConfigurationName = Release;
		};
/* End XCConfigurationList section */

/* Begin XCVersionGroup section */
		073F777F2A3C9FED002E5078 /* StoryBookContainer.xcdatamodeld */ = {
			isa = XCVersionGroup;
			children = (
				073F77802A3C9FED002E5078 /* StoryContainer.xcdatamodel */,
			);
			currentVersion = 073F77802A3C9FED002E5078 /* StoryContainer.xcdatamodel */;
			path = StoryBookContainer.xcdatamodeld;
			sourceTree = "<group>";
			versionGroupType = wrapper.xcdatamodel;
		};
/* End XCVersionGroup section */
	};
	rootObject = 074815322A38089700DF6A85 /* Project object */;
}
